
Microsoft Visual Studio Solution File, Format Version 12.00
# Visual Studio 15
VisualStudioVersion = 15.0.27130.2024
MinimumVisualStudioVersion = 10.0.40219.1
Project("{2150E333-8FDC-42A3-9474-1A3956D46DE8}") = "1. UI and Infrastructure", "1. UI and Infrastructure", "{B785C6EA-4097-44DD-BBA8-42C1E2ADE596}"
EndProject
Project("{2150E333-8FDC-42A3-9474-1A3956D46DE8}") = "3. Domain Services", "3. Domain Services", "{43BE09DB-D6B6-4396-B2D8-05065FFA9BD5}"
EndProject
Project("{2150E333-8FDC-42A3-9474-1A3956D46DE8}") = "4. Domain Model", "4. Domain Model", "{67C03F8C-DDDF-41D8-9979-F6FB4D4202DE}"
EndProject
Project("{2150E333-8FDC-42A3-9474-1A3956D46DE8}") = "Unit Tests", "Unit Tests", "{FB819DFF-A6B0-421B-9984-D8B2AD35490E}"
EndProject
Project("{9A19103F-16F7-4668-BE54-9A1E7A4F7556}") = "OnionArchitectureDemo.Domain", "OnionArchitecture.Data\OnionArchitectureDemo.Domain.csproj", "{8A82D324-052B-45A1-88E6-20CB14CAFD79}"
EndProject
Project("{9A19103F-16F7-4668-BE54-9A1E7A4F7556}") = "OnionArchitectureDemo.Data.Static", "OnionArchitecture.Data.Static\OnionArchitectureDemo.Data.Static.csproj", "{249C2DC5-A32B-4320-846D-DFFDF79F89B5}"
EndProject
Project("{9A19103F-16F7-4668-BE54-9A1E7A4F7556}") = "OnionArchitectureDemo.DependencyInjection", "OnionArchitectureDemo.DependencyInjection\OnionArchitectureDemo.DependencyInjection.csproj", "{B6648728-8A62-4935-9351-A922C634DA18}"
EndProject
Project("{9A19103F-16F7-4668-BE54-9A1E7A4F7556}") = "OnionArchitectureDemo.DomainServices", "OnionArchitectureDemo.DomainServices\OnionArchitectureDemo.DomainServices.csproj", "{838F53F9-2C94-46F4-A86F-2D858C661F9F}"
EndProject
Project("{2150E333-8FDC-42A3-9474-1A3956D46DE8}") = "2. Application Services", "2. Application Services", "{ACD80A1F-07A5-42EC-850A-27484A86176A}"
EndProject
Project("{9A19103F-16F7-4668-BE54-9A1E7A4F7556}") = "OnionArchitectureDemo.ApplicationServices", "OnionArchitectureDemo.ApplicationServices\OnionArchitectureDemo.ApplicationServices.csproj", "{796D5040-B7D9-4A77-89DF-91EB7EDD714D}"
EndProject
Project("{9A19103F-16F7-4668-BE54-9A1E7A4F7556}") = "OnionArchitectureDemo.Data.Static.Tests", "OnionArchitectureDemo.Data.Static.Tests\OnionArchitectureDemo.Data.Static.Tests.csproj", "{666E35F4-268F-4E52-BBF2-272C50A63639}"
EndProject
Project("{9A19103F-16F7-4668-BE54-9A1E7A4F7556}") = "OnionArchitectureDemo.ApplicationServices.Tests", "OnionArchitectureDemo.ApplicationServices.Tests\OnionArchitectureDemo.ApplicationServices.Tests.csproj", "{FEE89704-17B9-49D6-9984-FE1DD851EBD3}"
EndProject
Project("{FAE04EC0-301F-11D3-BF4B-00C04F79EFBC}") = "OnionArchitectureDemo.Api", "OnionArchitectureDemo.Api\OnionArchitectureDemo.Api.csproj", "{0E5E8012-9D72-48CA-8F6F-DB86F6EE0C7E}"
EndProject
Project("{2150E333-8FDC-42A3-9474-1A3956D46DE8}") = "Infrastructure", "Infrastructure", "{60623103-92B6-4EFC-A260-04ECDC3A5311}"
EndProject
Global
	GlobalSection(SolutionConfigurationPlatforms) = preSolution
		Debug|Any CPU = Debug|Any CPU
		Release|Any CPU = Release|Any CPU
	EndGlobalSection
	GlobalSection(ProjectConfigurationPlatforms) = postSolution
		{8A82D324-052B-45A1-88E6-20CB14CAFD79}.Debug|Any CPU.ActiveCfg = Debug|Any CPU
		{8A82D324-052B-45A1-88E6-20CB14CAFD79}.Debug|Any CPU.Build.0 = Debug|Any CPU
		{8A82D324-052B-45A1-88E6-20CB14CAFD79}.Release|Any CPU.ActiveCfg = Release|Any CPU
		{8A82D324-052B-45A1-88E6-20CB14CAFD79}.Release|Any CPU.Build.0 = Release|Any CPU
		{249C2DC5-A32B-4320-846D-DFFDF79F89B5}.Debug|Any CPU.ActiveCfg = Debug|Any CPU
		{249C2DC5-A32B-4320-846D-DFFDF79F89B5}.Debug|Any CPU.Build.0 = Debug|Any CPU
		{249C2DC5-A32B-4320-846D-DFFDF79F89B5}.Release|Any CPU.ActiveCfg = Release|Any CPU
		{249C2DC5-A32B-4320-846D-DFFDF79F89B5}.Release|Any CPU.Build.0 = Release|Any CPU
		{B6648728-8A62-4935-9351-A922C634DA18}.Debug|Any CPU.ActiveCfg = Debug|Any CPU
		{B6648728-8A62-4935-9351-A922C634DA18}.Debug|Any CPU.Build.0 = Debug|Any CPU
		{B6648728-8A62-4935-9351-A922C634DA18}.Release|Any CPU.ActiveCfg = Release|Any CPU
		{B6648728-8A62-4935-9351-A922C634DA18}.Release|Any CPU.Build.0 = Release|Any CPU
		{838F53F9-2C94-46F4-A86F-2D858C661F9F}.Debug|Any CPU.ActiveCfg = Debug|Any CPU
		{838F53F9-2C94-46F4-A86F-2D858C661F9F}.Debug|Any CPU.Build.0 = Debug|Any CPU
		{838F53F9-2C94-46F4-A86F-2D858C661F9F}.Release|Any CPU.ActiveCfg = Release|Any CPU
		{838F53F9-2C94-46F4-A86F-2D858C661F9F}.Release|Any CPU.Build.0 = Release|Any CPU
		{796D5040-B7D9-4A77-89DF-91EB7EDD714D}.Debug|Any CPU.ActiveCfg = Debug|Any CPU
		{796D5040-B7D9-4A77-89DF-91EB7EDD714D}.Debug|Any CPU.Build.0 = Debug|Any CPU
		{796D5040-B7D9-4A77-89DF-91EB7EDD714D}.Release|Any CPU.ActiveCfg = Release|Any CPU
		{796D5040-B7D9-4A77-89DF-91EB7EDD714D}.Release|Any CPU.Build.0 = Release|Any CPU
		{666E35F4-268F-4E52-BBF2-272C50A63639}.Debug|Any CPU.ActiveCfg = Debug|Any CPU
		{666E35F4-268F-4E52-BBF2-272C50A63639}.Debug|Any CPU.Build.0 = Debug|Any CPU
		{666E35F4-268F-4E52-BBF2-272C50A63639}.Release|Any CPU.ActiveCfg = Release|Any CPU
		{666E35F4-268F-4E52-BBF2-272C50A63639}.Release|Any CPU.Build.0 = Release|Any CPU
		{FEE89704-17B9-49D6-9984-FE1DD851EBD3}.Debug|Any CPU.ActiveCfg = Debug|Any CPU
		{FEE89704-17B9-49D6-9984-FE1DD851EBD3}.Debug|Any CPU.Build.0 = Debug|Any CPU
		{FEE89704-17B9-49D6-9984-FE1DD851EBD3}.Release|Any CPU.ActiveCfg = Release|Any CPU
		{FEE89704-17B9-49D6-9984-FE1DD851EBD3}.Release|Any CPU.Build.0 = Release|Any CPU
		{0E5E8012-9D72-48CA-8F6F-DB86F6EE0C7E}.Debug|Any CPU.ActiveCfg = Debug|Any CPU
		{0E5E8012-9D72-48CA-8F6F-DB86F6EE0C7E}.Debug|Any CPU.Build.0 = Debug|Any CPU
		{0E5E8012-9D72-48CA-8F6F-DB86F6EE0C7E}.Release|Any CPU.ActiveCfg = Release|Any CPU
		{0E5E8012-9D72-48CA-8F6F-DB86F6EE0C7E}.Release|Any CPU.Build.0 = Release|Any CPU
	EndGlobalSection
	GlobalSection(SolutionProperties) = preSolution
		HideSolutionNode = FALSE
	EndGlobalSection
	GlobalSection(NestedProjects) = preSolution
		{8A82D324-052B-45A1-88E6-20CB14CAFD79} = {67C03F8C-DDDF-41D8-9979-F6FB4D4202DE}
		{249C2DC5-A32B-4320-846D-DFFDF79F89B5} = {60623103-92B6-4EFC-A260-04ECDC3A5311}
		{B6648728-8A62-4935-9351-A922C634DA18} = {60623103-92B6-4EFC-A260-04ECDC3A5311}
		{838F53F9-2C94-46F4-A86F-2D858C661F9F} = {43BE09DB-D6B6-4396-B2D8-05065FFA9BD5}
		{796D5040-B7D9-4A77-89DF-91EB7EDD714D} = {ACD80A1F-07A5-42EC-850A-27484A86176A}
		{666E35F4-268F-4E52-BBF2-272C50A63639} = {FB819DFF-A6B0-421B-9984-D8B2AD35490E}
		{FEE89704-17B9-49D6-9984-FE1DD851EBD3} = {FB819DFF-A6B0-421B-9984-D8B2AD35490E}
		{0E5E8012-9D72-48CA-8F6F-DB86F6EE0C7E} = {B785C6EA-4097-44DD-BBA8-42C1E2ADE596}
		{60623103-92B6-4EFC-A260-04ECDC3A5311} = {B785C6EA-4097-44DD-BBA8-42C1E2ADE596}
	EndGlobalSection
	GlobalSection(ExtensibilityGlobals) = postSolution
		SolutionGuid = {FB506CA9-3CAD-4EDF-BC3B-AC4DCF8627FA}
	EndGlobalSection
EndGlobal
